
Microsoft Visual Studio Solution File, Format Version 12.00
# Visual Studio 15
VisualStudioVersion = 15.0.28010.2036
MinimumVisualStudioVersion = 10.0.40219.1
Project("{FAE04EC0-301F-11D3-BF4B-00C04F79EFBC}") = "Wallet", "Wallet\Wallet.csproj", "{48E6156C-427B-43AF-AC6D-8958CA8B4452}"
EndProject
Project("{FAE04EC0-301F-11D3-BF4B-00C04F79EFBC}") = "P2PLib", "P2PLib\P2PLib.csproj", "{AF00AD38-2B00-4844-92D7-381E42B47C5F}"
EndProject
Project("{FAE04EC0-301F-11D3-BF4B-00C04F79EFBC}") = "ChainUtilsLib", "ChainUtils\ChainUtilsLib.csproj", "{C43F0EB1-3761-4708-BAA7-9E8F070A33AF}"
EndProject
Project("{FAE04EC0-301F-11D3-BF4B-00C04F79EFBC}") = "DatabaseLib", "DatabaseLib\DatabaseLib.csproj", "{B1BB0AE7-D8BA-414B-9147-96BAF86D7D12}"
EndProject
Project("{FAE04EC0-301F-11D3-BF4B-00C04F79EFBC}") = "CoreLib", "CoreLib\CoreLib.csproj", "{BC33A7DA-B16A-4FCC-A925-6B3E6BB8BBCB}"
EndProject
Global
	GlobalSection(SolutionConfigurationPlatforms) = preSolution
		Debug|Any CPU = Debug|Any CPU
		Debug|x64 = Debug|x64
		Debug|x86 = Debug|x86
		Release|Any CPU = Release|Any CPU
		Release|x64 = Release|x64
		Release|x86 = Release|x86
	EndGlobalSection
	GlobalSection(ProjectConfigurationPlatforms) = postSolution
		{48E6156C-427B-43AF-AC6D-8958CA8B4452}.Debug|Any CPU.ActiveCfg = Debug|Any CPU
		{48E6156C-427B-43AF-AC6D-8958CA8B4452}.Debug|Any CPU.Build.0 = Debug|Any CPU
		{48E6156C-427B-43AF-AC6D-8958CA8B4452}.Debug|x64.ActiveCfg = Debug|x64
		{48E6156C-427B-43AF-AC6D-8958CA8B4452}.Debug|x64.Build.0 = Debug|x64
		{48E6156C-427B-43AF-AC6D-8958CA8B4452}.Debug|x86.ActiveCfg = Debug|x86
		{48E6156C-427B-43AF-AC6D-8958CA8B4452}.Debug|x86.Build.0 = Debug|x86
		{48E6156C-427B-43AF-AC6D-8958CA8B4452}.Release|Any CPU.ActiveCfg = Release|Any CPU
		{48E6156C-427B-43AF-AC6D-8958CA8B4452}.Release|Any CPU.Build.0 = Release|Any CPU
		{48E6156C-427B-43AF-AC6D-8958CA8B4452}.Release|x64.ActiveCfg = Release|x64
		{48E6156C-427B-43AF-AC6D-8958CA8B4452}.Release|x64.Build.0 = Release|x64
		{48E6156C-427B-43AF-AC6D-8958CA8B4452}.Release|x86.ActiveCfg = Release|x86
		{48E6156C-427B-43AF-AC6D-8958CA8B4452}.Release|x86.Build.0 = Release|x86
		{AF00AD38-2B00-4844-92D7-381E42B47C5F}.Debug|Any CPU.ActiveCfg = Debug|Any CPU
		{AF00AD38-2B00-4844-92D7-381E42B47C5F}.Debug|Any CPU.Build.0 = Debug|Any CPU
		{AF00AD38-2B00-4844-92D7-381E42B47C5F}.Debug|x64.ActiveCfg = Debug|x64
		{AF00AD38-2B00-4844-92D7-381E42B47C5F}.Debug|x64.Build.0 = Debug|x64
		{AF00AD38-2B00-4844-92D7-381E42B47C5F}.Debug|x86.ActiveCfg = Debug|Any CPU
		{AF00AD38-2B00-4844-92D7-381E42B47C5F}.Debug|x86.Build.0 = Debug|Any CPU
		{AF00AD38-2B00-4844-92D7-381E42B47C5F}.Release|Any CPU.ActiveCfg = Release|Any CPU
		{AF00AD38-2B00-4844-92D7-381E42B47C5F}.Release|Any CPU.Build.0 = Release|Any CPU
		{AF00AD38-2B00-4844-92D7-381E42B47C5F}.Release|x64.ActiveCfg = Release|x64
		{AF00AD38-2B00-4844-92D7-381E42B47C5F}.Release|x64.Build.0 = Release|x64
		{AF00AD38-2B00-4844-92D7-381E42B47C5F}.Release|x86.ActiveCfg = Release|Any CPU
		{AF00AD38-2B00-4844-92D7-381E42B47C5F}.Release|x86.Build.0 = Release|Any CPU
		{C43F0EB1-3761-4708-BAA7-9E8F070A33AF}.Debug|Any CPU.ActiveCfg = Debug|Any CPU
		{C43F0EB1-3761-4708-BAA7-9E8F070A33AF}.Debug|Any CPU.Build.0 = Debug|Any CPU
		{C43F0EB1-3761-4708-BAA7-9E8F070A33AF}.Debug|x64.ActiveCfg = Debug|x64
		{C43F0EB1-3761-4708-BAA7-9E8F070A33AF}.Debug|x64.Build.0 = Debug|x64
		{C43F0EB1-3761-4708-BAA7-9E8F070A33AF}.Debug|x86.ActiveCfg = Debug|Any CPU
		{C43F0EB1-3761-4708-BAA7-9E8F070A33AF}.Debug|x86.Build.0 = Debug|Any CPU
		{C43F0EB1-3761-4708-BAA7-9E8F070A33AF}.Release|Any CPU.ActiveCfg = Release|Any CPU
		{C43F0EB1-3761-4708-BAA7-9E8F070A33AF}.Release|Any CPU.Build.0 = Release|Any CPU
		{C43F0EB1-3761-4708-BAA7-9E8F070A33AF}.Release|x64.ActiveCfg = Release|x64
		{C43F0EB1-3761-4708-BAA7-9E8F070A33AF}.Release|x64.Build.0 = Release|x64
		{C43F0EB1-3761-4708-BAA7-9E8F070A33AF}.Release|x86.ActiveCfg = Release|Any CPU
		{C43F0EB1-3761-4708-BAA7-9E8F070A33AF}.Release|x86.Build.0 = Release|Any CPU
		{B1BB0AE7-D8BA-414B-9147-96BAF86D7D12}.Debug|Any CPU.ActiveCfg = Debug|Any CPU
		{B1BB0AE7-D8BA-414B-9147-96BAF86D7D12}.Debug|Any CPU.Build.0 = Debug|Any CPU
		{B1BB0AE7-D8BA-414B-9147-96BAF86D7D12}.Debug|x64.ActiveCfg = Debug|x64
		{B1BB0AE7-D8BA-414B-9147-96BAF86D7D12}.Debug|x64.Build.0 = Debug|x64
		{B1BB0AE7-D8BA-414B-9147-96BAF86D7D12}.Debug|x86.ActiveCfg = Debug|Any CPU
		{B1BB0AE7-D8BA-414B-9147-96BAF86D7D12}.Debug|x86.Build.0 = Debug|Any CPU
		{B1BB0AE7-D8BA-414B-9147-96BAF86D7D12}.Release|Any CPU.ActiveCfg = Release|Any CPU
		{B1BB0AE7-D8BA-414B-9147-96BAF86D7D12}.Release|Any CPU.Build.0 = Release|Any CPU
		{B1BB0AE7-D8BA-414B-9147-96BAF86D7D12}.Release|x64.ActiveCfg = Release|x64
		{B1BB0AE7-D8BA-414B-9147-96BAF86D7D12}.Release|x64.Build.0 = Release|x64
		{B1BB0AE7-D8BA-414B-9147-96BAF86D7D12}.Release|x86.ActiveCfg = Release|Any CPU
		{B1BB0AE7-D8BA-414B-9147-96BAF86D7D12}.Release|x86.Build.0 = Release|Any CPU
		{BC33A7DA-B16A-4FCC-A925-6B3E6BB8BBCB}.Debug|Any CPU.ActiveCfg = Debug|Any CPU
		{BC33A7DA-B16A-4FCC-A925-6B3E6BB8BBCB}.Debug|Any CPU.Build.0 = Debug|Any CPU
		{BC33A7DA-B16A-4FCC-A925-6B3E6BB8BBCB}.Debug|x64.ActiveCfg = Debug|x64
		{BC33A7DA-B16A-4FCC-A925-6B3E6BB8BBCB}.Debug|x64.Build.0 = Debug|x64
		{BC33A7DA-B16A-4FCC-A925-6B3E6BB8BBCB}.Debug|x86.ActiveCfg = Debug|Any CPU
		{BC33A7DA-B16A-4FCC-A925-6B3E6BB8BBCB}.Debug|x86.Build.0 = Debug|Any CPU
		{BC33A7DA-B16A-4FCC-A925-6B3E6BB8BBCB}.Release|Any CPU.ActiveCfg = Release|Any CPU
		{BC33A7DA-B16A-4FCC-A925-6B3E6BB8BBCB}.Release|Any CPU.Build.0 = Release|Any CPU
		{BC33A7DA-B16A-4FCC-A925-6B3E6BB8BBCB}.Release|x64.ActiveCfg = Release|x64
		{BC33A7DA-B16A-4FCC-A925-6B3E6BB8BBCB}.Release|x64.Build.0 = Release|x64
		{BC33A7DA-B16A-4FCC-A925-6B3E6BB8BBCB}.Release|x86.ActiveCfg = Release|Any CPU
		{BC33A7DA-B16A-4FCC-A925-6B3E6BB8BBCB}.Release|x86.Build.0 = Release|Any CPU
	EndGlobalSection
	GlobalSection(SolutionProperties) = preSolution
		HideSolutionNode = FALSE
	EndGlobalSection
	GlobalSection(ExtensibilityGlobals) = postSolution
		SolutionGuid = {A02ACFB1-10DD-4942-979D-1493DE43059D}
	EndGlobalSection
EndGlobal
